<?xml version="1.0" encoding="utf-8"?>
<Project ToolsVersion="4.0" xmlns="http://schemas.microsoft.com/developer/msbuild/2003">
  <ItemGroup>
    <Filter Include="Source Files">
      <UniqueIdentifier>{4FC737F1-C7A5-4376-A066-2A32D752A2FF}</UniqueIdentifier>
      <Extensions>cpp;c;cc;cxx;c++;cppm;ixx;def;odl;idl;hpj;bat;asm;asmx</Extensions>
    </Filter>
    <Filter Include="Header Files">
      <UniqueIdentifier>{93995380-89BD-4b04-88EB-625FBE52EBFB}</UniqueIdentifier>
      <Extensions>h;hh;hpp;hxx;h++;hm;inl;inc;ipp;xsd</Extensions>
    </Filter>
    <Filter Include="Resource Files">
      <UniqueIdentifier>{67DA6AB6-F800-4c08-8B7A-83BB121AAD01}</UniqueIdentifier>
      <Extensions>rc;ico;cur;bmp;dlg;rc2;rct;bin;rgs;gif;jpg;jpeg;jpe;resx;tiff;tif;png;wav;mfcribbon-ms</Extensions>
    </Filter>
    <Filter Include="Grammar Files">
      <UniqueIdentifier>{0532355c-dd35-4907-aaeb-04948f6a7373}</UniqueIdentifier>
      <Extensions>g4</Extensions>
    </Filter>
    <Filter Include="Source Files\Generated Files">
      <UniqueIdentifier>{6527581c-4214-4004-b929-61faa58d4a6f}</UniqueIdentifier>
    </Filter>
    <Filter Include="Header Files\Generated Files">
      <UniqueIdentifier>{d97c7151-9e65-4a3d-824f-8c1c425dce03}</UniqueIdentifier>
    </Filter>
    <Filter Include="Source Files\Statement Files">
      <UniqueIdentifier>{c7488b05-ca99-4e76-8d7a-655d8e822979}</UniqueIdentifier>
    </Filter>
    <Filter Include="Header Files\Statement Files">
      <UniqueIdentifier>{458bd779-0b4c-4423-bc77-484c66c2399d}</UniqueIdentifier>
    </Filter>
    <Filter Include="Test Files">
      <UniqueIdentifier>{26782f49-6eae-4e68-a459-4319920a410e}</UniqueIdentifier>
    </Filter>
    <Filter Include="Header Files\Construct Files">
      <UniqueIdentifier>{20ed5751-92c0-424c-8e89-e5fd29878a1c}</UniqueIdentifier>
    </Filter>
    <Filter Include="Source Files\Construct Files">
      <UniqueIdentifier>{6c1c3d26-5cd5-4cfa-8647-65c4d4d40088}</UniqueIdentifier>
    </Filter>
    <Filter Include="Header Files\Expression Files">
      <UniqueIdentifier>{ea1d5d11-4ef2-4a43-b6bd-2f615d24cdfd}</UniqueIdentifier>
    </Filter>
    <Filter Include="Source Files\Expression Files">
      <UniqueIdentifier>{56ad0b51-1486-4840-afd4-65a6acdf8cb0}</UniqueIdentifier>
    </Filter>
    <Filter Include="Source Files\Visitor Files">
      <UniqueIdentifier>{7629393a-404e-4599-be1f-c06f6ab03692}</UniqueIdentifier>
    </Filter>
    <Filter Include="Header Files\Visitor Files">
      <UniqueIdentifier>{97c50b01-e8d0-426d-b7c0-1b70bb7629c2}</UniqueIdentifier>
    </Filter>
    <Filter Include="Header Files\Type Files">
      <UniqueIdentifier>{9a7ce0e5-2718-4419-8bd9-07a15e974f98}</UniqueIdentifier>
    </Filter>
    <Filter Include="Source Files\Type Files">
      <UniqueIdentifier>{73646e45-12f9-48de-aa91-fc5d05b45893}</UniqueIdentifier>
    </Filter>
  </ItemGroup>
  <ItemGroup>
    <ClCompile Include="ance.cpp">
      <Filter>Source Files</Filter>
    </ClCompile>
    <ClCompile Include="anceLexer.cpp">
      <Filter>Source Files\Generated Files</Filter>
    </ClCompile>
    <ClCompile Include="anceParser.cpp">
      <Filter>Source Files\Generated Files</Filter>
    </ClCompile>
    <ClCompile Include="Application.cpp">
      <Filter>Source Files</Filter>
    </ClCompile>
    <ClCompile Include="Statement.cpp">
      <Filter>Source Files</Filter>
    </ClCompile>
    <ClCompile Include="return_statement.cpp">
      <Filter>Source Files\Statement Files</Filter>
    </ClCompile>
    <ClCompile Include="anceCompiler.cpp">
      <Filter>Source Files</Filter>
    </ClCompile>
    <ClCompile Include="print_statement.cpp">
      <Filter>Source Files\Statement Files</Filter>
    </ClCompile>
    <ClCompile Include="CompileState.cpp">
      <Filter>Source Files</Filter>
    </ClCompile>
    <ClCompile Include="Function.cpp">
      <Filter>Source Files\Construct Files</Filter>
    </ClCompile>
    <ClCompile Include="Value.cpp">
      <Filter>Source Files\Construct Files</Filter>
    </ClCompile>
    <ClCompile Include="Scope.cpp">
      <Filter>Source Files\Construct Files</Filter>
    </ClCompile>
    <ClCompile Include="variable_expression.cpp">
      <Filter>Source Files\Expression Files</Filter>
    </ClCompile>
    <ClCompile Include="literal_expression.cpp">
      <Filter>Source Files\Expression Files</Filter>
    </ClCompile>
    <ClCompile Include="anceBaseVisitor.cpp">
      <Filter>Source Files\Generated Files</Filter>
    </ClCompile>
    <ClCompile Include="anceVisitor.cpp">
      <Filter>Source Files\Generated Files</Filter>
    </ClCompile>
    <ClCompile Include="Visitor.cpp">
      <Filter>Source Files\Visitor Files</Filter>
    </ClCompile>
    <ClCompile Include="assignment_statement.cpp">
      <Filter>Source Files\Statement Files</Filter>
    </ClCompile>
    <ClCompile Include="default_value_expression.cpp">
      <Filter>Source Files\Expression Files</Filter>
    </ClCompile>
    <ClCompile Include="Constant.cpp">
      <Filter>Source Files\Construct Files</Filter>
    </ClCompile>
    <ClCompile Include="GlobalVariable.cpp">
      <Filter>Source Files\Construct Files</Filter>
    </ClCompile>
    <ClCompile Include="IntegerType.cpp">
      <Filter>Source Files\Type Files</Filter>
    </ClCompile>
    <ClCompile Include="ArrayType.cpp">
      <Filter>Source Files\Type Files</Filter>
    </ClCompile>
    <ClCompile Include="integer_expression.cpp">
      <Filter>Source Files\Expression Files</Filter>
    </ClCompile>
    <ClCompile Include="expression_statement.cpp">
      <Filter>Source Files\Statement Files</Filter>
    </ClCompile>
    <ClCompile Include="function_call.cpp">
      <Filter>Source Files\Expression Files</Filter>
    </ClCompile>
    <ClCompile Include="VoidType.cpp">
      <Filter>Source Files\Type Files</Filter>
    </ClCompile>
    <ClCompile Include="Variable.cpp">
      <Filter>Source Files\Construct Files</Filter>
    </ClCompile>
  </ItemGroup>
  <ItemGroup>
    <ClInclude Include="anceLexer.h">
      <Filter>Header Files\Generated Files</Filter>
    </ClInclude>
    <ClInclude Include="anceParser.h">
      <Filter>Header Files\Generated Files</Filter>
    </ClInclude>
    <ClInclude Include="Application.h">
      <Filter>Header Files</Filter>
    </ClInclude>
    <ClInclude Include="Statement.h">
      <Filter>Header Files</Filter>
    </ClInclude>
    <ClInclude Include="return_statement.h">
      <Filter>Header Files\Statement Files</Filter>
    </ClInclude>
    <ClInclude Include="anceCompiler.h">
      <Filter>Header Files</Filter>
    </ClInclude>
    <ClInclude Include="print_statement.h">
      <Filter>Header Files\Statement Files</Filter>
    </ClInclude>
    <ClInclude Include="CompileState.h">
      <Filter>Header Files</Filter>
    </ClInclude>
    <ClInclude Include="anceConstants.h">
      <Filter>Header Files</Filter>
    </ClInclude>
    <ClInclude Include="Function.h">
      <Filter>Header Files\Construct Files</Filter>
    </ClInclude>
    <ClInclude Include="Value.h">
      <Filter>Header Files\Construct Files</Filter>
    </ClInclude>
    <ClInclude Include="Scope.h">
      <Filter>Header Files\Construct Files</Filter>
    </ClInclude>
    <ClInclude Include="Expression.h">
      <Filter>Header Files</Filter>
    </ClInclude>
    <ClInclude Include="literal_expression.h">
      <Filter>Header Files\Expression Files</Filter>
    </ClInclude>
    <ClInclude Include="variable_expression.h">
      <Filter>Header Files\Expression Files</Filter>
    </ClInclude>
    <ClInclude Include="anceBaseVisitor.h">
      <Filter>Header Files\Generated Files</Filter>
    </ClInclude>
    <ClInclude Include="anceVisitor.h">
      <Filter>Header Files\Generated Files</Filter>
    </ClInclude>
    <ClInclude Include="Visitor.h">
      <Filter>Header Files\Visitor Files</Filter>
    </ClInclude>
    <ClInclude Include="Constant.h">
      <Filter>Header Files\Construct Files</Filter>
    </ClInclude>
    <ClInclude Include="assignment_statement.h">
      <Filter>Header Files\Statement Files</Filter>
    </ClInclude>
    <ClInclude Include="default_value_expression.h">
      <Filter>Header Files\Expression Files</Filter>
    </ClInclude>
    <ClInclude Include="AccessModifier.h">
      <Filter>Header Files</Filter>
    </ClInclude>
    <ClInclude Include="GlobalVariable.h">
      <Filter>Header Files\Construct Files</Filter>
    </ClInclude>
    <ClInclude Include="Type.h">
      <Filter>Header Files\Type Files</Filter>
    </ClInclude>
    <ClInclude Include="IntegerType.h">
      <Filter>Header Files\Type Files</Filter>
    </ClInclude>
    <ClInclude Include="ArrayType.h">
      <Filter>Header Files\Type Files</Filter>
    </ClInclude>
    <ClInclude Include="integer_expression.h">
      <Filter>Header Files\Expression Files</Filter>
    </ClInclude>
    <ClInclude Include="expression_statement.h">
      <Filter>Header Files\Statement Files</Filter>
    </ClInclude>
    <ClInclude Include="function_call.h">
      <Filter>Header Files\Expression Files</Filter>
    </ClInclude>
    <ClInclude Include="VoidType.h">
      <Filter>Header Files\Type Files</Filter>
    </ClInclude>
    <ClInclude Include="Variable.h">
      <Filter>Header Files\Construct Files</Filter>
    </ClInclude>
    <ClInclude Include="ConstantExpression.h">
      <Filter>Header Files\Expression Files</Filter>
    </ClInclude>
  </ItemGroup>
  <ItemGroup>
    <None Include="ance.g4">
      <Filter>Grammar Files</Filter>
    </None>
    <None Include="..\ance_examples\first.ance">
      <Filter>Test Files</Filter>
    </None>
    <None Include="..\ance_examples\first.nc">
      <Filter>Test Files</Filter>
    </None>
  </ItemGroup>
</Project>